
Microsoft Visual Studio Solution File, Format Version 12.00
# Visual Studio 2012
Project("{8BC9CEB8-8B4A-11D0-8D11-00A0C91BC942}") = "vHomePro", "vHomePro\vHomePro.vcxproj", "{0C073235-6579-4475-88E2-F88DA8900929}"
EndProject
Global
	GlobalSection(SolutionConfigurationPlatforms) = preSolution
		Debug|Win32 = Debug|Win32
		Release|Win32 = Release|Win32
	EndGlobalSection
	GlobalSection(ProjectConfigurationPlatforms) = postSolution
		{0C073235-6579-4475-88E2-F88DA8900929}.Debug|Win32.ActiveCfg = Debug|Win32
		{0C073235-6579-4475-88E2-F88DA8900929}.Debug|Win32.Build.0 = Debug|Win32
		{0C073235-6579-4475-88E2-F88DA8900929}.Release|Win32.ActiveCfg = Release|Win32
		{0C073235-6579-4475-88E2-F88DA8900929}.Release|Win32.Build.0 = Release|Win32
	EndGlobalSection
	GlobalSection(SolutionProperties) = preSolution
		HideSolutionNode = FALSE
	EndGlobalSection
EndGlobal
